
Microsoft Visual Studio Solution File, Format Version 12.00
# Visual Studio Version 17
VisualStudioVersion = 17.7.34221.43
MinimumVisualStudioVersion = 10.0.40219.1
Project("{2150E333-8FDC-42A3-9474-1A3956D46DE8}") = "PresentationLayer", "PresentationLayer", "{CD30577A-F0F3-4E29-A576-852A345E93D3}"
EndProject
Project("{FAE04EC0-301F-11D3-BF4B-00C04F79EFBC}") = "TEDxASPU.Web", "TEDxASPU.Web\TEDxASPU.Web.csproj", "{6477F826-1169-4210-AA41-816F0259A04D}"
EndProject
Global
	GlobalSection(SolutionConfigurationPlatforms) = preSolution
		Debug|Any CPU = Debug|Any CPU
		Release|Any CPU = Release|Any CPU
	EndGlobalSection
	GlobalSection(ProjectConfigurationPlatforms) = postSolution
		{6477F826-1169-4210-AA41-816F0259A04D}.Debug|Any CPU.ActiveCfg = Debug|Any CPU
		{6477F826-1169-4210-AA41-816F0259A04D}.Debug|Any CPU.Build.0 = Debug|Any CPU
		{6477F826-1169-4210-AA41-816F0259A04D}.Release|Any CPU.ActiveCfg = Release|Any CPU
		{6477F826-1169-4210-AA41-816F0259A04D}.Release|Any CPU.Build.0 = Release|Any CPU
	EndGlobalSection
	GlobalSection(SolutionProperties) = preSolution
		HideSolutionNode = FALSE
	EndGlobalSection
	GlobalSection(NestedProjects) = preSolution
		{6477F826-1169-4210-AA41-816F0259A04D} = {CD30577A-F0F3-4E29-A576-852A345E93D3}
	EndGlobalSection
	GlobalSection(ExtensibilityGlobals) = postSolution
		SolutionGuid = {1809CA3E-D109-4D09-BE79-3F188C53D1E2}
	EndGlobalSection
EndGlobal
