
Microsoft Visual Studio Solution File, Format Version 12.00
# Visual Studio Version 17
VisualStudioVersion = 17.7.34221.43
MinimumVisualStudioVersion = 10.0.40219.1
Project("{2150E333-8FDC-42A3-9474-1A3956D46DE8}") = "PresentationLayer", "PresentationLayer", "{CD30577A-F0F3-4E29-A576-852A345E93D3}"
EndProject
Project("{2150E333-8FDC-42A3-9474-1A3956D46DE8}") = "TEDxASPU.Web", "TEDxASPU.Web", "{56051159-DC12-40CA-863F-2FDEAD108368}"
EndProject
Project("{9A19103F-16F7-4668-BE54-9A1E7A4F7556}") = "TEDxASPU.Web", "PresentaionLayer\TEDxASPU.Web\TEDxASPU.Web.csproj", "{CB95DCA3-C6FB-468F-A229-190E29106DDC}"
EndProject
Project("{9A19103F-16F7-4668-BE54-9A1E7A4F7556}") = "Core", "CoreLayer\Core.csproj", "{9CCE41ED-2A0B-4B00-AA37-ADD02A7324E2}"
EndProject
Project("{2150E333-8FDC-42A3-9474-1A3956D46DE8}") = "CoreLayer", "CoreLayer", "{A2B454CF-0600-49C1-AE4B-5E10152B47F4}"
EndProject
Project("{2150E333-8FDC-42A3-9474-1A3956D46DE8}") = "DataAccessLayer", "DataAccessLayer", "{6738F01A-2C8E-47ED-A947-69B213A7838B}"
EndProject
Project("{9A19103F-16F7-4668-BE54-9A1E7A4F7556}") = "DataAccess", "DataAccessLayer\DataAccess\DataAccess.csproj", "{70CC9D96-F0C4-4CCB-93C8-CDFF1775310F}"
EndProject
Project("{9A19103F-16F7-4668-BE54-9A1E7A4F7556}") = "Entities", "DataAccessLayer\Entities\Entities.csproj", "{553DC745-F64D-4B91-A869-340FE173EB6E}"
EndProject
Project("{9A19103F-16F7-4668-BE54-9A1E7A4F7556}") = "ViewModel", "DataAccessLayer\ViewModel\ViewModel.csproj", "{475A13E1-2573-426A-8A22-CB40FBC59ECC}"
EndProject
Project("{2150E333-8FDC-42A3-9474-1A3956D46DE8}") = "RepositoriesLayer", "RepositoriesLayer", "{61C15CEC-C824-4FC2-BB5F-5FDCE643A224}"
EndProject
Project("{9A19103F-16F7-4668-BE54-9A1E7A4F7556}") = "TEDxASPUProvider", "RepositoriesLayer\ContactProvider\TEDxASPUProvider.csproj", "{14103B5A-3B26-4D71-BFA3-FEC67675D2AF}"
EndProject
Project("{2150E333-8FDC-42A3-9474-1A3956D46DE8}") = "ServicesLayer", "ServicesLayer", "{36531879-B592-4DCA-B601-843695F2EF2B}"
EndProject
Project("{9A19103F-16F7-4668-BE54-9A1E7A4F7556}") = "Interfaces", "ServicesLayer\Interfaces\Interfaces.csproj", "{C754E7F9-BFFE-4DC9-A7EB-F380FCB8A17F}"
EndProject
Project("{2150E333-8FDC-42A3-9474-1A3956D46DE8}") = "TEDxASPU.API", "TEDxASPU.API", "{F0ED4146-D25F-4C6B-ADB9-D5DF7DD3FD7F}"
EndProject
Project("{9A19103F-16F7-4668-BE54-9A1E7A4F7556}") = "TEDxASPU.API", "PresentaionLayer\TEDxASPU.API\TEDxASPU.API.csproj", "{FCBAF5CF-2370-4FEA-B874-9128A2D6B61F}"
EndProject
Global
	GlobalSection(SolutionConfigurationPlatforms) = preSolution
		Debug|Any CPU = Debug|Any CPU
		Release|Any CPU = Release|Any CPU
	EndGlobalSection
	GlobalSection(ProjectConfigurationPlatforms) = postSolution
		{CB95DCA3-C6FB-468F-A229-190E29106DDC}.Debug|Any CPU.ActiveCfg = Debug|Any CPU
		{CB95DCA3-C6FB-468F-A229-190E29106DDC}.Debug|Any CPU.Build.0 = Debug|Any CPU
		{CB95DCA3-C6FB-468F-A229-190E29106DDC}.Release|Any CPU.ActiveCfg = Release|Any CPU
		{CB95DCA3-C6FB-468F-A229-190E29106DDC}.Release|Any CPU.Build.0 = Release|Any CPU
		{9CCE41ED-2A0B-4B00-AA37-ADD02A7324E2}.Debug|Any CPU.ActiveCfg = Debug|Any CPU
		{9CCE41ED-2A0B-4B00-AA37-ADD02A7324E2}.Debug|Any CPU.Build.0 = Debug|Any CPU
		{9CCE41ED-2A0B-4B00-AA37-ADD02A7324E2}.Release|Any CPU.ActiveCfg = Release|Any CPU
		{9CCE41ED-2A0B-4B00-AA37-ADD02A7324E2}.Release|Any CPU.Build.0 = Release|Any CPU
		{70CC9D96-F0C4-4CCB-93C8-CDFF1775310F}.Debug|Any CPU.ActiveCfg = Debug|Any CPU
		{70CC9D96-F0C4-4CCB-93C8-CDFF1775310F}.Debug|Any CPU.Build.0 = Debug|Any CPU
		{70CC9D96-F0C4-4CCB-93C8-CDFF1775310F}.Release|Any CPU.ActiveCfg = Release|Any CPU
		{70CC9D96-F0C4-4CCB-93C8-CDFF1775310F}.Release|Any CPU.Build.0 = Release|Any CPU
		{553DC745-F64D-4B91-A869-340FE173EB6E}.Debug|Any CPU.ActiveCfg = Debug|Any CPU
		{553DC745-F64D-4B91-A869-340FE173EB6E}.Debug|Any CPU.Build.0 = Debug|Any CPU
		{553DC745-F64D-4B91-A869-340FE173EB6E}.Release|Any CPU.ActiveCfg = Release|Any CPU
		{553DC745-F64D-4B91-A869-340FE173EB6E}.Release|Any CPU.Build.0 = Release|Any CPU
		{475A13E1-2573-426A-8A22-CB40FBC59ECC}.Debug|Any CPU.ActiveCfg = Debug|Any CPU
		{475A13E1-2573-426A-8A22-CB40FBC59ECC}.Debug|Any CPU.Build.0 = Debug|Any CPU
		{475A13E1-2573-426A-8A22-CB40FBC59ECC}.Release|Any CPU.ActiveCfg = Release|Any CPU
		{475A13E1-2573-426A-8A22-CB40FBC59ECC}.Release|Any CPU.Build.0 = Release|Any CPU
		{14103B5A-3B26-4D71-BFA3-FEC67675D2AF}.Debug|Any CPU.ActiveCfg = Debug|Any CPU
		{14103B5A-3B26-4D71-BFA3-FEC67675D2AF}.Debug|Any CPU.Build.0 = Debug|Any CPU
		{14103B5A-3B26-4D71-BFA3-FEC67675D2AF}.Release|Any CPU.ActiveCfg = Release|Any CPU
		{14103B5A-3B26-4D71-BFA3-FEC67675D2AF}.Release|Any CPU.Build.0 = Release|Any CPU
		{C754E7F9-BFFE-4DC9-A7EB-F380FCB8A17F}.Debug|Any CPU.ActiveCfg = Debug|Any CPU
		{C754E7F9-BFFE-4DC9-A7EB-F380FCB8A17F}.Debug|Any CPU.Build.0 = Debug|Any CPU
		{C754E7F9-BFFE-4DC9-A7EB-F380FCB8A17F}.Release|Any CPU.ActiveCfg = Release|Any CPU
		{C754E7F9-BFFE-4DC9-A7EB-F380FCB8A17F}.Release|Any CPU.Build.0 = Release|Any CPU
		{FCBAF5CF-2370-4FEA-B874-9128A2D6B61F}.Debug|Any CPU.ActiveCfg = Debug|Any CPU
		{FCBAF5CF-2370-4FEA-B874-9128A2D6B61F}.Debug|Any CPU.Build.0 = Debug|Any CPU
		{FCBAF5CF-2370-4FEA-B874-9128A2D6B61F}.Release|Any CPU.ActiveCfg = Release|Any CPU
		{FCBAF5CF-2370-4FEA-B874-9128A2D6B61F}.Release|Any CPU.Build.0 = Release|Any CPU
	EndGlobalSection
	GlobalSection(SolutionProperties) = preSolution
		HideSolutionNode = FALSE
	EndGlobalSection
	GlobalSection(NestedProjects) = preSolution
		{56051159-DC12-40CA-863F-2FDEAD108368} = {CD30577A-F0F3-4E29-A576-852A345E93D3}
		{CB95DCA3-C6FB-468F-A229-190E29106DDC} = {56051159-DC12-40CA-863F-2FDEAD108368}
		{9CCE41ED-2A0B-4B00-AA37-ADD02A7324E2} = {A2B454CF-0600-49C1-AE4B-5E10152B47F4}
		{70CC9D96-F0C4-4CCB-93C8-CDFF1775310F} = {6738F01A-2C8E-47ED-A947-69B213A7838B}
		{553DC745-F64D-4B91-A869-340FE173EB6E} = {6738F01A-2C8E-47ED-A947-69B213A7838B}
		{475A13E1-2573-426A-8A22-CB40FBC59ECC} = {6738F01A-2C8E-47ED-A947-69B213A7838B}
		{14103B5A-3B26-4D71-BFA3-FEC67675D2AF} = {61C15CEC-C824-4FC2-BB5F-5FDCE643A224}
		{C754E7F9-BFFE-4DC9-A7EB-F380FCB8A17F} = {36531879-B592-4DCA-B601-843695F2EF2B}
		{F0ED4146-D25F-4C6B-ADB9-D5DF7DD3FD7F} = {CD30577A-F0F3-4E29-A576-852A345E93D3}
		{FCBAF5CF-2370-4FEA-B874-9128A2D6B61F} = {F0ED4146-D25F-4C6B-ADB9-D5DF7DD3FD7F}
	EndGlobalSection
	GlobalSection(ExtensibilityGlobals) = postSolution
		SolutionGuid = {1809CA3E-D109-4D09-BE79-3F188C53D1E2}
	EndGlobalSection
EndGlobal
